
Microsoft Visual Studio Solution File, Format Version 12.00
# Visual Studio Version 17
VisualStudioVersion = 17.13.35913.81 d17.13
MinimumVisualStudioVersion = 10.0.40219.1
Project("{888888A0-9F3D-457C-B088-3A5042F75D52}") = "SmartCopilotAssit", "SmartCopilotAssit.pyproj", "{5F321684-0AEC-4C11-8921-1FA9377A7B5D}"
EndProject
Global
	GlobalSection(SolutionConfigurationPlatforms) = preSolution
		Debug|Any CPU = Debug|Any CPU
		Release|Any CPU = Release|Any CPU
	EndGlobalSection
	GlobalSection(ProjectConfigurationPlatforms) = postSolution
		{5F321684-0AEC-4C11-8921-1FA9377A7B5D}.Debug|Any CPU.ActiveCfg = Debug|Any CPU
		{5F321684-0AEC-4C11-8921-1FA9377A7B5D}.Release|Any CPU.ActiveCfg = Release|Any CPU
	EndGlobalSection
	GlobalSection(SolutionProperties) = preSolution
		HideSolutionNode = FALSE
	EndGlobalSection
	GlobalSection(ExtensibilityGlobals) = postSolution
		SolutionGuid = {3DC915D4-FFF2-4734-A602-CE5D5963F4E4}
	EndGlobalSection
EndGlobal
